// !$*UTF8*$!
{
	archiveVersion = 1;
	classes = {
	};
	objectVersion = 51;
	objects = {

/* Begin PBXBuildFile section */
		6FDCAF662456C8790036E250 /* AppDelegate.swift in Sources */ = {isa = PBXBuildFile; fileRef = 6FDCAF652456C8790036E250 /* AppDelegate.swift */; };
		6FDCAF682456C8790036E250 /* SceneDelegate.swift in Sources */ = {isa = PBXBuildFile; fileRef = 6FDCAF672456C8790036E250 /* SceneDelegate.swift */; };
		6FDCAF6A2456C8790036E250 /* ViewController.swift in Sources */ = {isa = PBXBuildFile; fileRef = 6FDCAF692456C8790036E250 /* ViewController.swift */; };
		6FDCAF6D2456C8790036E250 /* Main.storyboard in Resources */ = {isa = PBXBuildFile; fileRef = 6FDCAF6B2456C8790036E250 /* Main.storyboard */; };
		6FDCAF6F2456C87A0036E250 /* Assets.xcassets in Resources */ = {isa = PBXBuildFile; fileRef = 6FDCAF6E2456C87A0036E250 /* Assets.xcassets */; };
		6FDCAF722456C87A0036E250 /* LaunchScreen.storyboard in Resources */ = {isa = PBXBuildFile; fileRef = 6FDCAF702456C87A0036E250 /* LaunchScreen.storyboard */; };
		8799932930F44CBB9F17D054 /* libPods-HomeWork2_9.a in Frameworks */ = {isa = PBXBuildFile; fileRef = 481C22945DA1E5199597C8B2 /* libPods-HomeWork2_9.a */; };
/* End PBXBuildFile section */

/* Begin PBXFileReference section */
		481C22945DA1E5199597C8B2 /* libPods-HomeWork2_9.a */ = {isa = PBXFileReference; explicitFileType = archive.ar; includeInIndex = 0; path = "libPods-HomeWork2_9.a"; sourceTree = BUILT_PRODUCTS_DIR; };
		578D71EB7B3E1AA0BE470FD0 /* Pods-HomeWork2_9.debug.xcconfig */ = {isa = PBXFileReference; includeInIndex = 1; lastKnownFileType = text.xcconfig; name = "Pods-HomeWork2_9.debug.xcconfig"; path = "Target Support Files/Pods-HomeWork2_9/Pods-HomeWork2_9.debug.xcconfig"; sourceTree = "<group>"; };
		58148BF734D18AFF3E81D55A /* Pods-HomeWork2_9.release.xcconfig */ = {isa = PBXFileReference; includeInIndex = 1; lastKnownFileType = text.xcconfig; name = "Pods-HomeWork2_9.release.xcconfig"; path = "Target Support Files/Pods-HomeWork2_9/Pods-HomeWork2_9.release.xcconfig"; sourceTree = "<group>"; };
		6FDCAF622456C8790036E250 /* HomeWork2_9.app */ = {isa = PBXFileReference; explicitFileType = wrapper.application; includeInIndex = 0; path = HomeWork2_9.app; sourceTree = BUILT_PRODUCTS_DIR; };
		6FDCAF652456C8790036E250 /* AppDelegate.swift */ = {isa = PBXFileReference; lastKnownFileType = sourcecode.swift; path = AppDelegate.swift; sourceTree = "<group>"; };
		6FDCAF672456C8790036E250 /* SceneDelegate.swift */ = {isa = PBXFileReference; lastKnownFileType = sourcecode.swift; path = SceneDelegate.swift; sourceTree = "<group>"; };
		6FDCAF692456C8790036E250 /* ViewController.swift */ = {isa = PBXFileReference; lastKnownFileType = sourcecode.swift; path = ViewController.swift; sourceTree = "<group>"; };
		6FDCAF6C2456C8790036E250 /* Base */ = {isa = PBXFileReference; lastKnownFileType = file.storyboard; name = Base; path = Base.lproj/Main.storyboard; sourceTree = "<group>"; };
		6FDCAF6E2456C87A0036E250 /* Assets.xcassets */ = {isa = PBXFileReference; lastKnownFileType = folder.assetcatalog; path = Assets.xcassets; sourceTree = "<group>"; };
		6FDCAF712456C87A0036E250 /* Base */ = {isa = PBXFileReference; lastKnownFileType = file.storyboard; name = Base; path = Base.lproj/LaunchScreen.storyboard; sourceTree = "<group>"; };
		6FDCAF732456C87A0036E250 /* Info.plist */ = {isa = PBXFileReference; lastKnownFileType = text.plist.xml; path = Info.plist; sourceTree = "<group>"; };
/* End PBXFileReference section */

/* Begin PBXFrameworksBuildPhase section */
		6FDCAF5F2456C8790036E250 /* Frameworks */ = {
			isa = PBXFrameworksBuildPhase;
			buildActionMask = 2147483647;
			files = (
				8799932930F44CBB9F17D054 /* libPods-HomeWork2_9.a in Frameworks */,
			);
			runOnlyForDeploymentPostprocessing = 0;
		};
/* End PBXFrameworksBuildPhase section */

/* Begin PBXGroup section */
		1A23C78B4E66BFD27AAEE6CE /* Pods */ = {
			isa = PBXGroup;
			children = (
				578D71EB7B3E1AA0BE470FD0 /* Pods-HomeWork2_9.debug.xcconfig */,
				58148BF734D18AFF3E81D55A /* Pods-HomeWork2_9.release.xcconfig */,
			);
			path = Pods;
			sourceTree = "<group>";
		};
		6FDCAF592456C8790036E250 = {
			isa = PBXGroup;
			children = (
				6FDCAF642456C8790036E250 /* HomeWork2_9 */,
				6FDCAF632456C8790036E250 /* Products */,
				1A23C78B4E66BFD27AAEE6CE /* Pods */,
				C0EC7071923105D3E833FB56 /* Frameworks */,
			);
			sourceTree = "<group>";
		};
		6FDCAF632456C8790036E250 /* Products */ = {
			isa = PBXGroup;
			children = (
				6FDCAF622456C8790036E250 /* HomeWork2_9.app */,
			);
			name = Products;
			sourceTree = "<group>";
		};
		6FDCAF642456C8790036E250 /* HomeWork2_9 */ = {
			isa = PBXGroup;
			children = (
				6FDCAF652456C8790036E250 /* AppDelegate.swift */,
				6FDCAF672456C8790036E250 /* SceneDelegate.swift */,
				6FDCAF692456C8790036E250 /* ViewController.swift */,
				6FDCAF6B2456C8790036E250 /* Main.storyboard */,
				6FDCAF6E2456C87A0036E250 /* Assets.xcassets */,
				6FDCAF702456C87A0036E250 /* LaunchScreen.storyboard */,
				6FDCAF732456C87A0036E250 /* Info.plist */,
			);
			path = HomeWork2_9;
			sourceTree = "<group>";
		};
		C0EC7071923105D3E833FB56 /* Frameworks */ = {
			isa = PBXGroup;
			children = (
				481C22945DA1E5199597C8B2 /* libPods-HomeWork2_9.a */,
			);
			name = Frameworks;
			sourceTree = "<group>";
		};
/* End PBXGroup section */

/* Begin PBXNativeTarget section */
		6FDCAF612456C8790036E250 /* HomeWork2_9 */ = {
			isa = PBXNativeTarget;
			buildConfigurationList = 6FDCAF762456C87A0036E250 /* Build configuration list for PBXNativeTarget "HomeWork2_9" */;
			buildPhases = (
				DF476B55432A6B7D1436BDDF /* [CP] Check Pods Manifest.lock */,
				6FDCAF5E2456C8790036E250 /* Sources */,
				6FDCAF5F2456C8790036E250 /* Frameworks */,
				6FDCAF602456C8790036E250 /* Resources */,
				CEA436C9C1D15D94D1ADF3BD /* [CP] Embed Pods Frameworks */,
				3878DF56E7F55F3089A5E7CD /* [CP] Copy Pods Resources */,
			);
			buildRules = (
			);
			dependencies = (
			);
			name = HomeWork2_9;
			productName = HomeWork2_9;
			productReference = 6FDCAF622456C8790036E250 /* HomeWork2_9.app */;
			productType = "com.apple.product-type.application";
		};
/* End PBXNativeTarget section */

/* Begin PBXProject section */
		6FDCAF5A2456C8790036E250 /* Project object */ = {
			isa = PBXProject;
			attributes = {
				LastSwiftUpdateCheck = 1140;
				LastUpgradeCheck = 1140;
				ORGANIZATIONNAME = "Roman Kuzmich Home Dev";
				TargetAttributes = {
					6FDCAF612456C8790036E250 = {
						CreatedOnToolsVersion = 11.4;
					};
				};
			};
			buildConfigurationList = 6FDCAF5D2456C8790036E250 /* Build configuration list for PBXProject "HomeWork2_9" */;
			compatibilityVersion = "Xcode 9.3";
			developmentRegion = en;
			hasScannedForEncodings = 0;
			knownRegions = (
				en,
				Base,
			);
			mainGroup = 6FDCAF592456C8790036E250;
			productRefGroup = 6FDCAF632456C8790036E250 /* Products */;
			projectDirPath = "";
			projectRoot = "";
			targets = (
				6FDCAF612456C8790036E250 /* HomeWork2_9 */,
			);
		};
/* End PBXProject section */

/* Begin PBXResourcesBuildPhase section */
		6FDCAF602456C8790036E250 /* Resources */ = {
			isa = PBXResourcesBuildPhase;
			buildActionMask = 2147483647;
			files = (
				6FDCAF722456C87A0036E250 /* LaunchScreen.storyboard in Resources */,
				6FDCAF6F2456C87A0036E250 /* Assets.xcassets in Resources */,
				6FDCAF6D2456C8790036E250 /* Main.storyboard in Resources */,
			);
			runOnlyForDeploymentPostprocessing = 0;
		};
/* End PBXResourcesBuildPhase section */

/* Begin PBXShellScriptBuildPhase section */
		3878DF56E7F55F3089A5E7CD /* [CP] Copy Pods Resources */ = {
			isa = PBXShellScriptBuildPhase;
			buildActionMask = 2147483647;
			files = (
			);
			inputFileListPaths = (
				"${PODS_ROOT}/Target Support Files/Pods-HomeWork2_9/Pods-HomeWork2_9-resources-${CONFIGURATION}-input-files.xcfilelist",
			);
			name = "[CP] Copy Pods Resources";
			outputFileListPaths = (
				"${PODS_ROOT}/Target Support Files/Pods-HomeWork2_9/Pods-HomeWork2_9-resources-${CONFIGURATION}-output-files.xcfilelist",
			);
			runOnlyForDeploymentPostprocessing = 0;
			shellPath = /bin/sh;
			shellScript = "\"${PODS_ROOT}/Target Support Files/Pods-HomeWork2_9/Pods-HomeWork2_9-resources.sh\"\n";
			showEnvVarsInLog = 0;
		};
		CEA436C9C1D15D94D1ADF3BD /* [CP] Embed Pods Frameworks */ = {
			isa = PBXShellScriptBuildPhase;
			buildActionMask = 2147483647;
			files = (
			);
			inputFileListPaths = (
				"${PODS_ROOT}/Target Support Files/Pods-HomeWork2_9/Pods-HomeWork2_9-frameworks-${CONFIGURATION}-input-files.xcfilelist",
			);
			name = "[CP] Embed Pods Frameworks";
			outputFileListPaths = (
				"${PODS_ROOT}/Target Support Files/Pods-HomeWork2_9/Pods-HomeWork2_9-frameworks-${CONFIGURATION}-output-files.xcfilelist",
			);
			runOnlyForDeploymentPostprocessing = 0;
			shellPath = /bin/sh;
			shellScript = "\"${PODS_ROOT}/Target Support Files/Pods-HomeWork2_9/Pods-HomeWork2_9-frameworks.sh\"\n";
			showEnvVarsInLog = 0;
		};
		DF476B55432A6B7D1436BDDF /* [CP] Check Pods Manifest.lock */ = {
			isa = PBXShellScriptBuildPhase;
			buildActionMask = 2147483647;
			files = (
			);
			inputFileListPaths = (
			);
			inputPaths = (
				"${PODS_PODFILE_DIR_PATH}/Podfile.lock",
				"${PODS_ROOT}/Manifest.lock",
			);
			name = "[CP] Check Pods Manifest.lock";
			outputFileListPaths = (
			);
			outputPaths = (
				"$(DERIVED_FILE_DIR)/Pods-HomeWork2_9-checkManifestLockResult.txt",
			);
			runOnlyForDeploymentPostprocessing = 0;
			shellPath = /bin/sh;
			shellScript = "diff \"${PODS_PODFILE_DIR_PATH}/Podfile.lock\" \"${PODS_ROOT}/Manifest.lock\" > /dev/null\nif [ $? != 0 ] ; then\n    # print error to STDERR\n    echo \"error: The sandbox is not in sync with the Podfile.lock. Run 'pod install' or update your CocoaPods installation.\" >&2\n    exit 1\nfi\n# This output is used by Xcode 'outputs' to avoid re-running this script phase.\necho \"SUCCESS\" > \"${SCRIPT_OUTPUT_FILE_0}\"\n";
			showEnvVarsInLog = 0;
		};
/* End PBXShellScriptBuildPhase section */

/* Begin PBXSourcesBuildPhase section */
		6FDCAF5E2456C8790036E250 /* Sources */ = {
			isa = PBXSourcesBuildPhase;
			buildActionMask = 2147483647;
			files = (
				6FDCAF6A2456C8790036E250 /* ViewController.swift in Sources */,
				6FDCAF662456C8790036E250 /* AppDelegate.swift in Sources */,
				6FDCAF682456C8790036E250 /* SceneDelegate.swift in Sources */,
			);
			runOnlyForDeploymentPostprocessing = 0;
		};
/* End PBXSourcesBuildPhase section */

/* Begin PBXVariantGroup section */
		6FDCAF6B2456C8790036E250 /* Main.storyboard */ = {
			isa = PBXVariantGroup;
			children = (
				6FDCAF6C2456C8790036E250 /* Base */,
			);
			name = Main.storyboard;
			sourceTree = "<group>";
		};
		6FDCAF702456C87A0036E250 /* LaunchScreen.storyboard */ = {
			isa = PBXVariantGroup;
			children = (
				6FDCAF712456C87A0036E250 /* Base */,
			);
			name = LaunchScreen.storyboard;
			sourceTree = "<group>";
		};
/* End PBXVariantGroup section */

/* Begin XCBuildConfiguration section */
		6FDCAF742456C87A0036E250 /* Debug */ = {
			isa = XCBuildConfiguration;
			buildSettings = {
				ALWAYS_SEARCH_USER_PATHS = NO;
				CLANG_ANALYZER_NONNULL = YES;
				CLANG_ANALYZER_NUMBER_OBJECT_CONVERSION = YES_AGGRESSIVE;
				CLANG_CXX_LANGUAGE_STANDARD = "gnu++14";
				CLANG_CXX_LIBRARY = "libc++";
				CLANG_ENABLE_MODULES = YES;
				CLANG_ENABLE_OBJC_ARC = YES;
				CLANG_ENABLE_OBJC_WEAK = YES;
				CLANG_WARN_BLOCK_CAPTURE_AUTORELEASING = YES;
				CLANG_WARN_BOOL_CONVERSION = YES;
				CLANG_WARN_COMMA = YES;
				CLANG_WARN_CONSTANT_CONVERSION = YES;
				CLANG_WARN_DEPRECATED_OBJC_IMPLEMENTATIONS = YES;
				CLANG_WARN_DIRECT_OBJC_ISA_USAGE = YES_ERROR;
				CLANG_WARN_DOCUMENTATION_COMMENTS = YES;
				CLANG_WARN_EMPTY_BODY = YES;
				CLANG_WARN_ENUM_CONVERSION = YES;
				CLANG_WARN_INFINITE_RECURSION = YES;
				CLANG_WARN_INT_CONVERSION = YES;
				CLANG_WARN_NON_LITERAL_NULL_CONVERSION = YES;
				CLANG_WARN_OBJC_IMPLICIT_RETAIN_SELF = YES;
				CLANG_WARN_OBJC_LITERAL_CONVERSION = YES;
				CLANG_WARN_OBJC_ROOT_CLASS = YES_ERROR;
				CLANG_WARN_RANGE_LOOP_ANALYSIS = YES;
				CLANG_WARN_STRICT_PROTOTYPES = YES;
				CLANG_WARN_SUSPICIOUS_MOVE = YES;
				CLANG_WARN_UNGUARDED_AVAILABILITY = YES_AGGRESSIVE;
				CLANG_WARN_UNREACHABLE_CODE = YES;
				CLANG_WARN__DUPLICATE_METHOD_MATCH = YES;
				COPY_PHASE_STRIP = NO;
				DEBUG_INFORMATION_FORMAT = dwarf;
				ENABLE_STRICT_OBJC_MSGSEND = YES;
				ENABLE_TESTABILITY = YES;
				GCC_C_LANGUAGE_STANDARD = gnu11;
				GCC_DYNAMIC_NO_PIC = NO;
				GCC_NO_COMMON_BLOCKS = YES;
				GCC_OPTIMIZATION_LEVEL = 0;
				GCC_PREPROCESSOR_DEFINITIONS = (
					"DEBUG=1",
					"$(inherited)",
				);
				GCC_WARN_64_TO_32_BIT_CONVERSION = YES;
				GCC_WARN_ABOUT_RETURN_TYPE = YES_ERROR;
				GCC_WARN_UNDECLARED_SELECTOR = YES;
				GCC_WARN_UNINITIALIZED_AUTOS = YES_AGGRESSIVE;
				GCC_WARN_UNUSED_FUNCTION = YES;
				GCC_WARN_UNUSED_VARIABLE = YES;
				IPHONEOS_DEPLOYMENT_TARGET = 13.4;
				MTL_ENABLE_DEBUG_INFO = INCLUDE_SOURCE;
				MTL_FAST_MATH = YES;
				ONLY_ACTIVE_ARCH = YES;
				SDKROOT = iphoneos;
				SWIFT_ACTIVE_COMPILATION_CONDITIONS = DEBUG;
				SWIFT_OPTIMIZATION_LEVEL = "-Onone";
			};
			name = Debug;
		};
		6FDCAF752456C87A0036E250 /* Release */ = {
			isa = XCBuildConfiguration;
			buildSettings = {
				ALWAYS_SEARCH_USER_PATHS = NO;
				CLANG_ANALYZER_NONNULL = YES;
				CLANG_ANALYZER_NUMBER_OBJECT_CONVERSION = YES_AGGRESSIVE;
				CLANG_CXX_LANGUAGE_STANDARD = "gnu++14";
				CLANG_CXX_LIBRARY = "libc++";
				CLANG_ENABLE_MODULES = YES;
				CLANG_ENABLE_OBJC_ARC = YES;
				CLANG_ENABLE_OBJC_WEAK = YES;
				CLANG_WARN_BLOCK_CAPTURE_AUTORELEASING = YES;
				CLANG_WARN_BOOL_CONVERSION = YES;
				CLANG_WARN_COMMA = YES;
				CLANG_WARN_CONSTANT_CONVERSION = YES;
				CLANG_WARN_DEPRECATED_OBJC_IMPLEMENTATIONS = YES;
				CLANG_WARN_DIRECT_OBJC_ISA_USAGE = YES_ERROR;
				CLANG_WARN_DOCUMENTATION_COMMENTS = YES;
				CLANG_WARN_EMPTY_BODY = YES;
				CLANG_WARN_ENUM_CONVERSION = YES;
				CLANG_WARN_INFINITE_RECURSION = YES;
				CLANG_WARN_INT_CONVERSION = YES;
				CLANG_WARN_NON_LITERAL_NULL_CONVERSION = YES;
				CLANG_WARN_OBJC_IMPLICIT_RETAIN_SELF = YES;
				CLANG_WARN_OBJC_LITERAL_CONVERSION = YES;
				CLANG_WARN_OBJC_ROOT_CLASS = YES_ERROR;
				CLANG_WARN_RANGE_LOOP_ANALYSIS = YES;
				CLANG_WARN_STRICT_PROTOTYPES = YES;
				CLANG_WARN_SUSPICIOUS_MOVE = YES;
				CLANG_WARN_UNGUARDED_AVAILABILITY = YES_AGGRESSIVE;
				CLANG_WARN_UNREACHABLE_CODE = YES;
				CLANG_WARN__DUPLICATE_METHOD_MATCH = YES;
				COPY_PHASE_STRIP = NO;
				DEBUG_INFORMATION_FORMAT = "dwarf-with-dsym";
				ENABLE_NS_ASSERTIONS = NO;
				ENABLE_STRICT_OBJC_MSGSEND = YES;
				GCC_C_LANGUAGE_STANDARD = gnu11;
				GCC_NO_COMMON_BLOCKS = YES;
				GCC_WARN_64_TO_32_BIT_CONVERSION = YES;
				GCC_WARN_ABOUT_RETURN_TYPE = YES_ERROR;
				GCC_WARN_UNDECLARED_SELECTOR = YES;
				GCC_WARN_UNINITIALIZED_AUTOS = YES_AGGRESSIVE;
				GCC_WARN_UNUSED_FUNCTION = YES;
				GCC_WARN_UNUSED_VARIABLE = YES;
				IPHONEOS_DEPLOYMENT_TARGET = 13.4;
				MTL_ENABLE_DEBUG_INFO = NO;
				MTL_FAST_MATH = YES;
				SDKROOT = iphoneos;
				SWIFT_COMPILATION_MODE = wholemodule;
				SWIFT_OPTIMIZATION_LEVEL = "-O";
				VALIDATE_PRODUCT = YES;
			};
			name = Release;
		};
		6FDCAF772456C87A0036E250 /* Debug */ = {
			isa = XCBuildConfiguration;
			baseConfigurationReference = 578D71EB7B3E1AA0BE470FD0 /* Pods-HomeWork2_9.debug.xcconfig */;
			buildSettings = {
				ASSETCATALOG_COMPILER_APPICON_NAME = AppIcon;
				CODE_SIGN_STYLE = Automatic;
				DEVELOPMENT_TEAM = Y3J9DR9455;
				INFOPLIST_FILE = HomeWork2_9/Info.plist;
				LD_RUNPATH_SEARCH_PATHS = (
					"$(inherited)",
					"@executable_path/Frameworks",
				);
				PRODUCT_BUNDLE_IDENTIFIER = "Skillbox.HomeWork2-9";
				PRODUCT_NAME = "$(TARGET_NAME)";
				SWIFT_VERSION = 5.0;
				TARGETED_DEVICE_FAMILY = "1,2";
			};
			name = Debug;
		};
		6FDCAF782456C87A0036E250 /* Release */ = {
			isa = XCBuildConfiguration;
			baseConfigurationReference = 58148BF734D18AFF3E81D55A /* Pods-HomeWork2_9.release.xcconfig */;
			buildSettings = {
				ASSETCATALOG_COMPILER_APPICON_NAME = AppIcon;
				CODE_SIGN_STYLE = Automatic;
				DEVELOPMENT_TEAM = Y3J9DR9455;
				INFOPLIST_FILE = HomeWork2_9/Info.plist;
				LD_RUNPATH_SEARCH_PATHS = (
					"$(inherited)",
					"@executable_path/Frameworks",
				);
				PRODUCT_BUNDLE_IDENTIFIER = "Skillbox.HomeWork2-9";
				PRODUCT_NAME = "$(TARGET_NAME)";
				SWIFT_VERSION = 5.0;
				TARGETED_DEVICE_FAMILY = "1,2";
			};
			name = Release;
		};
/* End XCBuildConfiguration section */

/* Begin XCConfigurationList section */
		6FDCAF5D2456C8790036E250 /* Build configuration list for PBXProject "HomeWork2_9" */ = {
			isa = XCConfigurationList;
			buildConfigurations = (
				6FDCAF742456C87A0036E250 /* Debug */,
				6FDCAF752456C87A0036E250 /* Release */,
			);
			defaultConfigurationIsVisible = 0;
			defaultConfigurationName = Release;
		};
		6FDCAF762456C87A0036E250 /* Build configuration list for PBXNativeTarget "HomeWork2_9" */ = {
			isa = XCConfigurationList;
			buildConfigurations = (
				6FDCAF772456C87A0036E250 /* Debug */,
				6FDCAF782456C87A0036E250 /* Release */,
			);
			defaultConfigurationIsVisible = 0;
			defaultConfigurationName = Release;
		};
/* End XCConfigurationList section */
	};
	rootObject = 6FDCAF5A2456C8790036E250 /* Project object */;
}
